
Microsoft Visual Studio Solution File, Format Version 12.00
# Visual Studio Version 17
VisualStudioVersion = 17.9.34607.119
MinimumVisualStudioVersion = 10.0.40219.1
Project("{FAE04EC0-301F-11D3-BF4B-00C04F79EFBC}") = "WpfApp1", "WpfApp1\WpfApp1.csproj", "{DCCF0667-31DE-49C3-BB53-1B75BEB15381}"
EndProject
Global
	GlobalSection(SolutionConfigurationPlatforms) = preSolution
		Debug|Any CPU = Debug|Any CPU
		Release|Any CPU = Release|Any CPU
	EndGlobalSection
	GlobalSection(ProjectConfigurationPlatforms) = postSolution
		{DCCF0667-31DE-49C3-BB53-1B75BEB15381}.Debug|Any CPU.ActiveCfg = Debug|Any CPU
		{DCCF0667-31DE-49C3-BB53-1B75BEB15381}.Debug|Any CPU.Build.0 = Debug|Any CPU
		{DCCF0667-31DE-49C3-BB53-1B75BEB15381}.Release|Any CPU.ActiveCfg = Release|Any CPU
		{DCCF0667-31DE-49C3-BB53-1B75BEB15381}.Release|Any CPU.Build.0 = Release|Any CPU
	EndGlobalSection
	GlobalSection(SolutionProperties) = preSolution
		HideSolutionNode = FALSE
	EndGlobalSection
	GlobalSection(ExtensibilityGlobals) = postSolution
		SolutionGuid = {1763F1D6-D725-43EF-B6F2-6399F314E788}
	EndGlobalSection
EndGlobal
